// !$*UTF8*$!
{
	archiveVersion = 1;
	classes = {
	};
	objectVersion = 46;
	objects = {

/* Begin PBXBuildFile section */
		77C53A6E1B0D77B600378321 /* main.m in Sources */ = {isa = PBXBuildFile; fileRef = 77C53A6D1B0D77B600378321 /* main.m */; };
		77C53A711B0D77B600378321 /* AppDelegate.m in Sources */ = {isa = PBXBuildFile; fileRef = 77C53A701B0D77B600378321 /* AppDelegate.m */; };
		77C53A771B0D77B600378321 /* Main.storyboard in Resources */ = {isa = PBXBuildFile; fileRef = 77C53A751B0D77B600378321 /* Main.storyboard */; };
		77C53A791B0D77B600378321 /* Images.xcassets in Resources */ = {isa = PBXBuildFile; fileRef = 77C53A781B0D77B600378321 /* Images.xcassets */; };
		77C53A7C1B0D77B600378321 /* LaunchScreen.xib in Resources */ = {isa = PBXBuildFile; fileRef = 77C53A7A1B0D77B600378321 /* LaunchScreen.xib */; };
		77C53A881B0D77B600378321 /* MusicClientTests.m in Sources */ = {isa = PBXBuildFile; fileRef = 77C53A871B0D77B600378321 /* MusicClientTests.m */; };
		77C53A931B0D7A0500378321 /* MusicTableViewController.m in Sources */ = {isa = PBXBuildFile; fileRef = 77C53A921B0D7A0500378321 /* MusicTableViewController.m */; };
		77C53A961B0D7AAF00378321 /* APIClient.m in Sources */ = {isa = PBXBuildFile; fileRef = 77C53A951B0D7AAF00378321 /* APIClient.m */; };
		77C53A991B0DCD4000378321 /* MusicTableViewCell.m in Sources */ = {isa = PBXBuildFile; fileRef = 77C53A981B0DCD4000378321 /* MusicTableViewCell.m */; };
		77C53A9C1B0DD20C00378321 /* UIImageView+Downoad.m in Sources */ = {isa = PBXBuildFile; fileRef = 77C53A9B1B0DD20C00378321 /* UIImageView+Downoad.m */; };
		77C53A9F1B0DD55800378321 /* AudioPlayer.m in Sources */ = {isa = PBXBuildFile; fileRef = 77C53A9E1B0DD55800378321 /* AudioPlayer.m */; };
		77C53AA41B0DFD9500378321 /* UIAlertView+showAlert.m in Sources */ = {isa = PBXBuildFile; fileRef = 77C53AA31B0DFD9500378321 /* UIAlertView+showAlert.m */; };
/* End PBXBuildFile section */

/* Begin PBXContainerItemProxy section */
		77C53A821B0D77B600378321 /* PBXContainerItemProxy */ = {
			isa = PBXContainerItemProxy;
			containerPortal = 77C53A601B0D77B600378321 /* Project object */;
			proxyType = 1;
			remoteGlobalIDString = 77C53A671B0D77B600378321;
			remoteInfo = MusicClient;
		};
/* End PBXContainerItemProxy section */

/* Begin PBXFileReference section */
		77C53A681B0D77B600378321 /* MusicClient.app */ = {isa = PBXFileReference; explicitFileType = wrapper.application; includeInIndex = 0; path = MusicClient.app; sourceTree = BUILT_PRODUCTS_DIR; };
		77C53A6C1B0D77B600378321 /* Info.plist */ = {isa = PBXFileReference; lastKnownFileType = text.plist.xml; path = Info.plist; sourceTree = "<group>"; };
		77C53A6D1B0D77B600378321 /* main.m */ = {isa = PBXFileReference; lastKnownFileType = sourcecode.c.objc; path = main.m; sourceTree = "<group>"; };
		77C53A6F1B0D77B600378321 /* AppDelegate.h */ = {isa = PBXFileReference; lastKnownFileType = sourcecode.c.h; path = AppDelegate.h; sourceTree = "<group>"; };
		77C53A701B0D77B600378321 /* AppDelegate.m */ = {isa = PBXFileReference; lastKnownFileType = sourcecode.c.objc; path = AppDelegate.m; sourceTree = "<group>"; };
		77C53A761B0D77B600378321 /* Base */ = {isa = PBXFileReference; lastKnownFileType = file.storyboard; name = Base; path = Base.lproj/Main.storyboard; sourceTree = "<group>"; };
		77C53A781B0D77B600378321 /* Images.xcassets */ = {isa = PBXFileReference; lastKnownFileType = folder.assetcatalog; path = Images.xcassets; sourceTree = "<group>"; };
		77C53A7B1B0D77B600378321 /* Base */ = {isa = PBXFileReference; lastKnownFileType = file.xib; name = Base; path = Base.lproj/LaunchScreen.xib; sourceTree = "<group>"; };
		77C53A811B0D77B600378321 /* MusicClientTests.xctest */ = {isa = PBXFileReference; explicitFileType = wrapper.cfbundle; includeInIndex = 0; path = MusicClientTests.xctest; sourceTree = BUILT_PRODUCTS_DIR; };
		77C53A861B0D77B600378321 /* Info.plist */ = {isa = PBXFileReference; lastKnownFileType = text.plist.xml; path = Info.plist; sourceTree = "<group>"; };
		77C53A871B0D77B600378321 /* MusicClientTests.m */ = {isa = PBXFileReference; lastKnownFileType = sourcecode.c.objc; path = MusicClientTests.m; sourceTree = "<group>"; };
		77C53A911B0D7A0500378321 /* MusicTableViewController.h */ = {isa = PBXFileReference; fileEncoding = 4; lastKnownFileType = sourcecode.c.h; path = MusicTableViewController.h; sourceTree = "<group>"; };
		77C53A921B0D7A0500378321 /* MusicTableViewController.m */ = {isa = PBXFileReference; fileEncoding = 4; lastKnownFileType = sourcecode.c.objc; path = MusicTableViewController.m; sourceTree = "<group>"; };
		77C53A941B0D7AAF00378321 /* APIClient.h */ = {isa = PBXFileReference; fileEncoding = 4; lastKnownFileType = sourcecode.c.h; path = APIClient.h; sourceTree = "<group>"; };
		77C53A951B0D7AAF00378321 /* APIClient.m */ = {isa = PBXFileReference; fileEncoding = 4; lastKnownFileType = sourcecode.c.objc; path = APIClient.m; sourceTree = "<group>"; };
		77C53A971B0DCD4000378321 /* MusicTableViewCell.h */ = {isa = PBXFileReference; fileEncoding = 4; lastKnownFileType = sourcecode.c.h; path = MusicTableViewCell.h; sourceTree = "<group>"; };
		77C53A981B0DCD4000378321 /* MusicTableViewCell.m */ = {isa = PBXFileReference; fileEncoding = 4; lastKnownFileType = sourcecode.c.objc; path = MusicTableViewCell.m; sourceTree = "<group>"; };
		77C53A9A1B0DD20C00378321 /* UIImageView+Downoad.h */ = {isa = PBXFileReference; fileEncoding = 4; lastKnownFileType = sourcecode.c.h; path = "UIImageView+Downoad.h"; sourceTree = "<group>"; };
		77C53A9B1B0DD20C00378321 /* UIImageView+Downoad.m */ = {isa = PBXFileReference; fileEncoding = 4; lastKnownFileType = sourcecode.c.objc; path = "UIImageView+Downoad.m"; sourceTree = "<group>"; };
		77C53A9D1B0DD55800378321 /* AudioPlayer.h */ = {isa = PBXFileReference; fileEncoding = 4; lastKnownFileType = sourcecode.c.h; path = AudioPlayer.h; sourceTree = "<group>"; };
		77C53A9E1B0DD55800378321 /* AudioPlayer.m */ = {isa = PBXFileReference; fileEncoding = 4; lastKnownFileType = sourcecode.c.objc; path = AudioPlayer.m; sourceTree = "<group>"; };
		77C53AA01B0DD84000378321 /* AVFoundation.framework */ = {isa = PBXFileReference; lastKnownFileType = wrapper.framework; name = AVFoundation.framework; path = System/Library/Frameworks/AVFoundation.framework; sourceTree = SDKROOT; };
		77C53AA21B0DFD9500378321 /* UIAlertView+showAlert.h */ = {isa = PBXFileReference; fileEncoding = 4; lastKnownFileType = sourcecode.c.h; path = "UIAlertView+showAlert.h"; sourceTree = "<group>"; };
		77C53AA31B0DFD9500378321 /* UIAlertView+showAlert.m */ = {isa = PBXFileReference; fileEncoding = 4; lastKnownFileType = sourcecode.c.objc; path = "UIAlertView+showAlert.m"; sourceTree = "<group>"; };
/* End PBXFileReference section */

/* Begin PBXFrameworksBuildPhase section */
		77C53A651B0D77B600378321 /* Frameworks */ = {
			isa = PBXFrameworksBuildPhase;
			buildActionMask = 2147483647;
			files = (
			);
			runOnlyForDeploymentPostprocessing = 0;
		};
		77C53A7E1B0D77B600378321 /* Frameworks */ = {
			isa = PBXFrameworksBuildPhase;
			buildActionMask = 2147483647;
			files = (
			);
			runOnlyForDeploymentPostprocessing = 0;
		};
/* End PBXFrameworksBuildPhase section */

/* Begin PBXGroup section */
		77C53A5F1B0D77B600378321 = {
			isa = PBXGroup;
			children = (
				77C53AA01B0DD84000378321 /* AVFoundation.framework */,
				77C53A6A1B0D77B600378321 /* MusicClient */,
				77C53A841B0D77B600378321 /* MusicClientTests */,
				77C53A691B0D77B600378321 /* Products */,
			);
			sourceTree = "<group>";
		};
		77C53A691B0D77B600378321 /* Products */ = {
			isa = PBXGroup;
			children = (
				77C53A681B0D77B600378321 /* MusicClient.app */,
				77C53A811B0D77B600378321 /* MusicClientTests.xctest */,
			);
			name = Products;
			sourceTree = "<group>";
		};
		77C53A6A1B0D77B600378321 /* MusicClient */ = {
			isa = PBXGroup;
			children = (
				77C53AA81B0DFE1000378321 /* UI */,
				77C53AA71B0DFDF800378321 /* APIClient */,
				77C53AA61B0DFDEE00378321 /* AudioPlayer */,
				77C53AA51B0DFDBF00378321 /* Categories */,
				77C53AA91B0DFE3400378321 /* AppDelegate */,
				77C53A6B1B0D77B600378321 /* Supporting Files */,
			);
			path = MusicClient;
			sourceTree = "<group>";
		};
		77C53A6B1B0D77B600378321 /* Supporting Files */ = {
			isa = PBXGroup;
			children = (
				77C53A6C1B0D77B600378321 /* Info.plist */,
				77C53A6D1B0D77B600378321 /* main.m */,
			);
			name = "Supporting Files";
			sourceTree = "<group>";
		};
		77C53A841B0D77B600378321 /* MusicClientTests */ = {
			isa = PBXGroup;
			children = (
				77C53A871B0D77B600378321 /* MusicClientTests.m */,
				77C53A851B0D77B600378321 /* Supporting Files */,
			);
			path = MusicClientTests;
			sourceTree = "<group>";
		};
		77C53A851B0D77B600378321 /* Supporting Files */ = {
			isa = PBXGroup;
			children = (
				77C53A861B0D77B600378321 /* Info.plist */,
			);
			name = "Supporting Files";
			sourceTree = "<group>";
		};
		77C53AA51B0DFDBF00378321 /* Categories */ = {
			isa = PBXGroup;
			children = (
				77C53A9A1B0DD20C00378321 /* UIImageView+Downoad.h */,
				77C53A9B1B0DD20C00378321 /* UIImageView+Downoad.m */,
				77C53AA21B0DFD9500378321 /* UIAlertView+showAlert.h */,
				77C53AA31B0DFD9500378321 /* UIAlertView+showAlert.m */,
			);
			name = Categories;
			sourceTree = "<group>";
		};
		77C53AA61B0DFDEE00378321 /* AudioPlayer */ = {
			isa = PBXGroup;
			children = (
				77C53A9D1B0DD55800378321 /* AudioPlayer.h */,
				77C53A9E1B0DD55800378321 /* AudioPlayer.m */,
			);
			name = AudioPlayer;
			sourceTree = "<group>";
		};
		77C53AA71B0DFDF800378321 /* APIClient */ = {
			isa = PBXGroup;
			children = (
				77C53A941B0D7AAF00378321 /* APIClient.h */,
				77C53A951B0D7AAF00378321 /* APIClient.m */,
			);
			name = APIClient;
			sourceTree = "<group>";
		};
		77C53AA81B0DFE1000378321 /* UI */ = {
			isa = PBXGroup;
			children = (
				77C53A911B0D7A0500378321 /* MusicTableViewController.h */,
				77C53A921B0D7A0500378321 /* MusicTableViewController.m */,
				77C53A971B0DCD4000378321 /* MusicTableViewCell.h */,
				77C53A981B0DCD4000378321 /* MusicTableViewCell.m */,
				77C53A751B0D77B600378321 /* Main.storyboard */,
				77C53A781B0D77B600378321 /* Images.xcassets */,
				77C53A7A1B0D77B600378321 /* LaunchScreen.xib */,
			);
			name = UI;
			sourceTree = "<group>";
		};
		77C53AA91B0DFE3400378321 /* AppDelegate */ = {
			isa = PBXGroup;
			children = (
				77C53A6F1B0D77B600378321 /* AppDelegate.h */,
				77C53A701B0D77B600378321 /* AppDelegate.m */,
			);
			name = AppDelegate;
			sourceTree = "<group>";
		};
/* End PBXGroup section */

/* Begin PBXNativeTarget section */
		77C53A671B0D77B600378321 /* MusicClient */ = {
			isa = PBXNativeTarget;
			buildConfigurationList = 77C53A8B1B0D77B600378321 /* Build configuration list for PBXNativeTarget "MusicClient" */;
			buildPhases = (
				77C53A641B0D77B600378321 /* Sources */,
				77C53A651B0D77B600378321 /* Frameworks */,
				77C53A661B0D77B600378321 /* Resources */,
			);
			buildRules = (
			);
			dependencies = (
			);
			name = MusicClient;
			productName = MusicClient;
			productReference = 77C53A681B0D77B600378321 /* MusicClient.app */;
			productType = "com.apple.product-type.application";
		};
		77C53A801B0D77B600378321 /* MusicClientTests */ = {
			isa = PBXNativeTarget;
			buildConfigurationList = 77C53A8E1B0D77B600378321 /* Build configuration list for PBXNativeTarget "MusicClientTests" */;
			buildPhases = (
				77C53A7D1B0D77B600378321 /* Sources */,
				77C53A7E1B0D77B600378321 /* Frameworks */,
				77C53A7F1B0D77B600378321 /* Resources */,
			);
			buildRules = (
			);
			dependencies = (
				77C53A831B0D77B600378321 /* PBXTargetDependency */,
			);
			name = MusicClientTests;
			productName = MusicClientTests;
			productReference = 77C53A811B0D77B600378321 /* MusicClientTests.xctest */;
			productType = "com.apple.product-type.bundle.unit-test";
		};
/* End PBXNativeTarget section */

/* Begin PBXProject section */
		77C53A601B0D77B600378321 /* Project object */ = {
			isa = PBXProject;
			attributes = {
				LastUpgradeCheck = 0620;
				ORGANIZATIONNAME = "Alexey Boyko";
				TargetAttributes = {
					77C53A671B0D77B600378321 = {
						CreatedOnToolsVersion = 6.2;
					};
					77C53A801B0D77B600378321 = {
						CreatedOnToolsVersion = 6.2;
						TestTargetID = 77C53A671B0D77B600378321;
					};
				};
			};
			buildConfigurationList = 77C53A631B0D77B600378321 /* Build configuration list for PBXProject "MusicClient" */;
			compatibilityVersion = "Xcode 3.2";
			developmentRegion = English;
			hasScannedForEncodings = 0;
			knownRegions = (
				en,
				Base,
			);
			mainGroup = 77C53A5F1B0D77B600378321;
			productRefGroup = 77C53A691B0D77B600378321 /* Products */;
			projectDirPath = "";
			projectRoot = "";
			targets = (
				77C53A671B0D77B600378321 /* MusicClient */,
				77C53A801B0D77B600378321 /* MusicClientTests */,
			);
		};
/* End PBXProject section */

/* Begin PBXResourcesBuildPhase section */
		77C53A661B0D77B600378321 /* Resources */ = {
			isa = PBXResourcesBuildPhase;
			buildActionMask = 2147483647;
			files = (
				77C53A771B0D77B600378321 /* Main.storyboard in Resources */,
				77C53A7C1B0D77B600378321 /* LaunchScreen.xib in Resources */,
				77C53A791B0D77B600378321 /* Images.xcassets in Resources */,
			);
			runOnlyForDeploymentPostprocessing = 0;
		};
		77C53A7F1B0D77B600378321 /* Resources */ = {
			isa = PBXResourcesBuildPhase;
			buildActionMask = 2147483647;
			files = (
			);
			runOnlyForDeploymentPostprocessing = 0;
		};
/* End PBXResourcesBuildPhase section */

/* Begin PBXSourcesBuildPhase section */
		77C53A641B0D77B600378321 /* Sources */ = {
			isa = PBXSourcesBuildPhase;
			buildActionMask = 2147483647;
			files = (
				77C53A931B0D7A0500378321 /* MusicTableViewController.m in Sources */,
				77C53A991B0DCD4000378321 /* MusicTableViewCell.m in Sources */,
				77C53A9F1B0DD55800378321 /* AudioPlayer.m in Sources */,
				77C53A711B0D77B600378321 /* AppDelegate.m in Sources */,
				77C53A9C1B0DD20C00378321 /* UIImageView+Downoad.m in Sources */,
				77C53A6E1B0D77B600378321 /* main.m in Sources */,
				77C53A961B0D7AAF00378321 /* APIClient.m in Sources */,
				77C53AA41B0DFD9500378321 /* UIAlertView+showAlert.m in Sources */,
			);
			runOnlyForDeploymentPostprocessing = 0;
		};
		77C53A7D1B0D77B600378321 /* Sources */ = {
			isa = PBXSourcesBuildPhase;
			buildActionMask = 2147483647;
			files = (
				77C53A881B0D77B600378321 /* MusicClientTests.m in Sources */,
			);
			runOnlyForDeploymentPostprocessing = 0;
		};
/* End PBXSourcesBuildPhase section */

/* Begin PBXTargetDependency section */
		77C53A831B0D77B600378321 /* PBXTargetDependency */ = {
			isa = PBXTargetDependency;
			target = 77C53A671B0D77B600378321 /* MusicClient */;
			targetProxy = 77C53A821B0D77B600378321 /* PBXContainerItemProxy */;
		};
/* End PBXTargetDependency section */

/* Begin PBXVariantGroup section */
		77C53A751B0D77B600378321 /* Main.storyboard */ = {
			isa = PBXVariantGroup;
			children = (
				77C53A761B0D77B600378321 /* Base */,
			);
			name = Main.storyboard;
			sourceTree = "<group>";
		};
		77C53A7A1B0D77B600378321 /* LaunchScreen.xib */ = {
			isa = PBXVariantGroup;
			children = (
				77C53A7B1B0D77B600378321 /* Base */,
			);
			name = LaunchScreen.xib;
			sourceTree = "<group>";
		};
/* End PBXVariantGroup section */

/* Begin XCBuildConfiguration section */
		77C53A891B0D77B600378321 /* Debug */ = {
			isa = XCBuildConfiguration;
			buildSettings = {
				ALWAYS_SEARCH_USER_PATHS = NO;
				CLANG_CXX_LANGUAGE_STANDARD = "gnu++0x";
				CLANG_CXX_LIBRARY = "libc++";
				CLANG_ENABLE_MODULES = YES;
				CLANG_ENABLE_OBJC_ARC = YES;
				CLANG_WARN_BOOL_CONVERSION = YES;
				CLANG_WARN_CONSTANT_CONVERSION = YES;
				CLANG_WARN_DIRECT_OBJC_ISA_USAGE = YES_ERROR;
				CLANG_WARN_EMPTY_BODY = YES;
				CLANG_WARN_ENUM_CONVERSION = YES;
				CLANG_WARN_INT_CONVERSION = YES;
				CLANG_WARN_OBJC_ROOT_CLASS = YES_ERROR;
				CLANG_WARN_UNREACHABLE_CODE = YES;
				CLANG_WARN__DUPLICATE_METHOD_MATCH = YES;
				"CODE_SIGN_IDENTITY[sdk=iphoneos*]" = "iPhone Developer";
				COPY_PHASE_STRIP = NO;
				ENABLE_STRICT_OBJC_MSGSEND = YES;
				GCC_C_LANGUAGE_STANDARD = gnu99;
				GCC_DYNAMIC_NO_PIC = NO;
				GCC_OPTIMIZATION_LEVEL = 0;
				GCC_PREPROCESSOR_DEFINITIONS = (
					"DEBUG=1",
					"$(inherited)",
				);
				GCC_SYMBOLS_PRIVATE_EXTERN = NO;
				GCC_WARN_64_TO_32_BIT_CONVERSION = YES;
				GCC_WARN_ABOUT_RETURN_TYPE = YES_ERROR;
				GCC_WARN_UNDECLARED_SELECTOR = YES;
				GCC_WARN_UNINITIALIZED_AUTOS = YES_AGGRESSIVE;
				GCC_WARN_UNUSED_FUNCTION = YES;
				GCC_WARN_UNUSED_VARIABLE = YES;
				IPHONEOS_DEPLOYMENT_TARGET = 8.2;
				MTL_ENABLE_DEBUG_INFO = YES;
				ONLY_ACTIVE_ARCH = YES;
				SDKROOT = iphoneos;
			};
			name = Debug;
		};
		77C53A8A1B0D77B600378321 /* Release */ = {
			isa = XCBuildConfiguration;
			buildSettings = {
				ALWAYS_SEARCH_USER_PATHS = NO;
				CLANG_CXX_LANGUAGE_STANDARD = "gnu++0x";
				CLANG_CXX_LIBRARY = "libc++";
				CLANG_ENABLE_MODULES = YES;
				CLANG_ENABLE_OBJC_ARC = YES;
				CLANG_WARN_BOOL_CONVERSION = YES;
				CLANG_WARN_CONSTANT_CONVERSION = YES;
				CLANG_WARN_DIRECT_OBJC_ISA_USAGE = YES_ERROR;
				CLANG_WARN_EMPTY_BODY = YES;
				CLANG_WARN_ENUM_CONVERSION = YES;
				CLANG_WARN_INT_CONVERSION = YES;
				CLANG_WARN_OBJC_ROOT_CLASS = YES_ERROR;
				CLANG_WARN_UNREACHABLE_CODE = YES;
				CLANG_WARN__DUPLICATE_METHOD_MATCH = YES;
				"CODE_SIGN_IDENTITY[sdk=iphoneos*]" = "iPhone Developer";
				COPY_PHASE_STRIP = NO;
				ENABLE_NS_ASSERTIONS = NO;
				ENABLE_STRICT_OBJC_MSGSEND = YES;
				GCC_C_LANGUAGE_STANDARD = gnu99;
				GCC_WARN_64_TO_32_BIT_CONVERSION = YES;
				GCC_WARN_ABOUT_RETURN_TYPE = YES_ERROR;
				GCC_WARN_UNDECLARED_SELECTOR = YES;
				GCC_WARN_UNINITIALIZED_AUTOS = YES_AGGRESSIVE;
				GCC_WARN_UNUSED_FUNCTION = YES;
				GCC_WARN_UNUSED_VARIABLE = YES;
				IPHONEOS_DEPLOYMENT_TARGET = 8.2;
				MTL_ENABLE_DEBUG_INFO = NO;
				SDKROOT = iphoneos;
				VALIDATE_PRODUCT = YES;
			};
			name = Release;
		};
		77C53A8C1B0D77B600378321 /* Debug */ = {
			isa = XCBuildConfiguration;
			buildSettings = {
				ASSETCATALOG_COMPILER_APPICON_NAME = AppIcon;
				ASSETCATALOG_COMPILER_LAUNCHIMAGE_NAME = LaunchImage;
				INFOPLIST_FILE = MusicClient/Info.plist;
				IPHONEOS_DEPLOYMENT_TARGET = 7.0;
				LD_RUNPATH_SEARCH_PATHS = "$(inherited) @executable_path/Frameworks";
				PRODUCT_NAME = "$(TARGET_NAME)";
			};
			name = Debug;
		};
		77C53A8D1B0D77B600378321 /* Release */ = {
			isa = XCBuildConfiguration;
			buildSettings = {
				ASSETCATALOG_COMPILER_APPICON_NAME = AppIcon;
				ASSETCATALOG_COMPILER_LAUNCHIMAGE_NAME = LaunchImage;
				INFOPLIST_FILE = MusicClient/Info.plist;
				IPHONEOS_DEPLOYMENT_TARGET = 7.0;
				LD_RUNPATH_SEARCH_PATHS = "$(inherited) @executable_path/Frameworks";
				PRODUCT_NAME = "$(TARGET_NAME)";
			};
			name = Release;
		};
		77C53A8F1B0D77B600378321 /* Debug */ = {
			isa = XCBuildConfiguration;
			buildSettings = {
				BUNDLE_LOADER = "$(TEST_HOST)";
				FRAMEWORK_SEARCH_PATHS = (
					"$(SDKROOT)/Developer/Library/Frameworks",
					"$(inherited)",
				);
				GCC_PREPROCESSOR_DEFINITIONS = (
					"DEBUG=1",
					"$(inherited)",
				);
				INFOPLIST_FILE = MusicClientTests/Info.plist;
				LD_RUNPATH_SEARCH_PATHS = "$(inherited) @executable_path/Frameworks @loader_path/Frameworks";
				PRODUCT_NAME = "$(TARGET_NAME)";
				TEST_HOST = "$(BUILT_PRODUCTS_DIR)/MusicClient.app/MusicClient";
			};
			name = Debug;
		};
		77C53A901B0D77B600378321 /* Release */ = {
			isa = XCBuildConfiguration;
			buildSettings = {
				BUNDLE_LOADER = "$(TEST_HOST)";
				FRAMEWORK_SEARCH_PATHS = (
					"$(SDKROOT)/Developer/Library/Frameworks",
					"$(inherited)",
				);
				INFOPLIST_FILE = MusicClientTests/Info.plist;
				LD_RUNPATH_SEARCH_PATHS = "$(inherited) @executable_path/Frameworks @loader_path/Frameworks";
				PRODUCT_NAME = "$(TARGET_NAME)";
				TEST_HOST = "$(BUILT_PRODUCTS_DIR)/MusicClient.app/MusicClient";
			};
			name = Release;
		};
/* End XCBuildConfiguration section */

/* Begin XCConfigurationList section */
		77C53A631B0D77B600378321 /* Build configuration list for PBXProject "MusicClient" */ = {
			isa = XCConfigurationList;
			buildConfigurations = (
				77C53A891B0D77B600378321 /* Debug */,
				77C53A8A1B0D77B600378321 /* Release */,
			);
			defaultConfigurationIsVisible = 0;
			defaultConfigurationName = Release;
		};
		77C53A8B1B0D77B600378321 /* Build configuration list for PBXNativeTarget "MusicClient" */ = {
			isa = XCConfigurationList;
			buildConfigurations = (
				77C53A8C1B0D77B600378321 /* Debug */,
				77C53A8D1B0D77B600378321 /* Release */,
			);
			defaultConfigurationIsVisible = 0;
		};
		77C53A8E1B0D77B600378321 /* Build configuration list for PBXNativeTarget "MusicClientTests" */ = {
			isa = XCConfigurationList;
			buildConfigurations = (
				77C53A8F1B0D77B600378321 /* Debug */,
				77C53A901B0D77B600378321 /* Release */,
			);
			defaultConfigurationIsVisible = 0;
		};
/* End XCConfigurationList section */
	};
	rootObject = 77C53A601B0D77B600378321 /* Project object */;
}
